
Microsoft Visual Studio Solution File, Format Version 12.00
# Visual Studio Version 16
VisualStudioVersion = 16.0.30011.22
MinimumVisualStudioVersion = 10.0.40219.1
Project("{9A19103F-16F7-4668-BE54-9A1E7A4F7556}") = "FlightControlWeb", "FlightControlWeb\FlightControlWeb.csproj", "{E34D249B-5EA6-44FD-8D84-AC507235E123}"
EndProject
Project("{FAE04EC0-301F-11D3-BF4B-00C04F79EFBC}") = "UnitTestFlightWeb", "NUnitTest\UnitTestFlightWeb.csproj", "{C39756CB-668F-4E4D-9BDB-E5D22634178C}"
EndProject
Global
	GlobalSection(SolutionConfigurationPlatforms) = preSolution
		Debug|Any CPU = Debug|Any CPU
		Release|Any CPU = Release|Any CPU
	EndGlobalSection
	GlobalSection(ProjectConfigurationPlatforms) = postSolution
		{E34D249B-5EA6-44FD-8D84-AC507235E123}.Debug|Any CPU.ActiveCfg = Debug|Any CPU
		{E34D249B-5EA6-44FD-8D84-AC507235E123}.Debug|Any CPU.Build.0 = Debug|Any CPU
		{E34D249B-5EA6-44FD-8D84-AC507235E123}.Release|Any CPU.ActiveCfg = Release|Any CPU
		{E34D249B-5EA6-44FD-8D84-AC507235E123}.Release|Any CPU.Build.0 = Release|Any CPU
		{C39756CB-668F-4E4D-9BDB-E5D22634178C}.Debug|Any CPU.ActiveCfg = Debug|Any CPU
		{C39756CB-668F-4E4D-9BDB-E5D22634178C}.Debug|Any CPU.Build.0 = Debug|Any CPU
		{C39756CB-668F-4E4D-9BDB-E5D22634178C}.Release|Any CPU.ActiveCfg = Release|Any CPU
		{C39756CB-668F-4E4D-9BDB-E5D22634178C}.Release|Any CPU.Build.0 = Release|Any CPU
	EndGlobalSection
	GlobalSection(SolutionProperties) = preSolution
		HideSolutionNode = FALSE
	EndGlobalSection
	GlobalSection(ExtensibilityGlobals) = postSolution
		SolutionGuid = {72E56FED-19B5-4495-9E9A-08EDD4261351}
	EndGlobalSection
EndGlobal
